
Microsoft Visual Studio Solution File, Format Version 12.00
# Visual Studio 15
VisualStudioVersion = 15.0.28010.2026
MinimumVisualStudioVersion = 10.0.40219.1
Project("{9A19103F-16F7-4668-BE54-9A1E7A4F7556}") = "Algoritmen-Datastructuren", "C3-Listening-Class-1\Algoritmen-Datastructuren.csproj", "{A7333C1C-F3F3-4E02-B38B-28A8E5A0E2D2}"
EndProject
Global
	GlobalSection(SolutionConfigurationPlatforms) = preSolution
		Debug|Any CPU = Debug|Any CPU
		Release|Any CPU = Release|Any CPU
	EndGlobalSection
	GlobalSection(ProjectConfigurationPlatforms) = postSolution
		{A7333C1C-F3F3-4E02-B38B-28A8E5A0E2D2}.Debug|Any CPU.ActiveCfg = Debug|Any CPU
		{A7333C1C-F3F3-4E02-B38B-28A8E5A0E2D2}.Debug|Any CPU.Build.0 = Debug|Any CPU
		{A7333C1C-F3F3-4E02-B38B-28A8E5A0E2D2}.Release|Any CPU.ActiveCfg = Release|Any CPU
		{A7333C1C-F3F3-4E02-B38B-28A8E5A0E2D2}.Release|Any CPU.Build.0 = Release|Any CPU
	EndGlobalSection
	GlobalSection(SolutionProperties) = preSolution
		HideSolutionNode = FALSE
	EndGlobalSection
	GlobalSection(ExtensibilityGlobals) = postSolution
		SolutionGuid = {841F7FA5-2569-423B-B884-893E0EE8DD11}
	EndGlobalSection
EndGlobal
